
Microsoft Visual Studio Solution File, Format Version 12.00
# Visual Studio Version 16
VisualStudioVersion = 16.0.31829.152
MinimumVisualStudioVersion = 10.0.40219.1
Project("{8BC9CEB8-8B4A-11D0-8D11-00A0C91BC942}") = "AntiCheat", "AntiCheat\AntiCheat.vcxproj", "{2E6C13D0-2E54-4096-ADC9-0D77D1B6FC5F}"
EndProject
Project("{8BC9CEB8-8B4A-11D0-8D11-00A0C91BC942}") = "AnticheatDLL", "AnticheatDLL\anticheat_x64.vcxproj", "{7701F9CD-1D73-4CBD-8DE9-A753F9AA16E4}"
EndProject
Project("{8BC9CEB8-8B4A-11D0-8D11-00A0C91BC942}") = "AnticheatDriver", "AnticheatDriver\AnticheatDriver.vcxproj", "{AE9F319D-3B1B-4F8B-8E70-93D30AB1D0D2}"
EndProject
Global
	GlobalSection(SolutionConfigurationPlatforms) = preSolution
		Debug|ARM = Debug|ARM
		Debug|ARM64 = Debug|ARM64
		Debug|x64 = Debug|x64
		Debug|x86 = Debug|x86
		Release|ARM = Release|ARM
		Release|ARM64 = Release|ARM64
		Release|x64 = Release|x64
		Release|x86 = Release|x86
	EndGlobalSection
	GlobalSection(ProjectConfigurationPlatforms) = postSolution
		{2E6C13D0-2E54-4096-ADC9-0D77D1B6FC5F}.Debug|ARM.ActiveCfg = Debug|Win32
		{2E6C13D0-2E54-4096-ADC9-0D77D1B6FC5F}.Debug|ARM64.ActiveCfg = Debug|Win32
		{2E6C13D0-2E54-4096-ADC9-0D77D1B6FC5F}.Debug|x64.ActiveCfg = Debug|x64
		{2E6C13D0-2E54-4096-ADC9-0D77D1B6FC5F}.Debug|x64.Build.0 = Debug|x64
		{2E6C13D0-2E54-4096-ADC9-0D77D1B6FC5F}.Debug|x86.ActiveCfg = Debug|Win32
		{2E6C13D0-2E54-4096-ADC9-0D77D1B6FC5F}.Debug|x86.Build.0 = Debug|Win32
		{2E6C13D0-2E54-4096-ADC9-0D77D1B6FC5F}.Release|ARM.ActiveCfg = Release|Win32
		{2E6C13D0-2E54-4096-ADC9-0D77D1B6FC5F}.Release|ARM64.ActiveCfg = Release|Win32
		{2E6C13D0-2E54-4096-ADC9-0D77D1B6FC5F}.Release|x64.ActiveCfg = Release|x64
		{2E6C13D0-2E54-4096-ADC9-0D77D1B6FC5F}.Release|x64.Build.0 = Release|x64
		{2E6C13D0-2E54-4096-ADC9-0D77D1B6FC5F}.Release|x86.ActiveCfg = Release|Win32
		{2E6C13D0-2E54-4096-ADC9-0D77D1B6FC5F}.Release|x86.Build.0 = Release|Win32
		{7701F9CD-1D73-4CBD-8DE9-A753F9AA16E4}.Debug|ARM.ActiveCfg = Debug|Win32
		{7701F9CD-1D73-4CBD-8DE9-A753F9AA16E4}.Debug|ARM64.ActiveCfg = Debug|Win32
		{7701F9CD-1D73-4CBD-8DE9-A753F9AA16E4}.Debug|x64.ActiveCfg = Debug|x64
		{7701F9CD-1D73-4CBD-8DE9-A753F9AA16E4}.Debug|x64.Build.0 = Debug|x64
		{7701F9CD-1D73-4CBD-8DE9-A753F9AA16E4}.Debug|x86.ActiveCfg = Debug|Win32
		{7701F9CD-1D73-4CBD-8DE9-A753F9AA16E4}.Debug|x86.Build.0 = Debug|Win32
		{7701F9CD-1D73-4CBD-8DE9-A753F9AA16E4}.Release|ARM.ActiveCfg = Release|Win32
		{7701F9CD-1D73-4CBD-8DE9-A753F9AA16E4}.Release|ARM64.ActiveCfg = Release|Win32
		{7701F9CD-1D73-4CBD-8DE9-A753F9AA16E4}.Release|x64.ActiveCfg = Release|x64
		{7701F9CD-1D73-4CBD-8DE9-A753F9AA16E4}.Release|x64.Build.0 = Release|x64
		{7701F9CD-1D73-4CBD-8DE9-A753F9AA16E4}.Release|x86.ActiveCfg = Release|Win32
		{7701F9CD-1D73-4CBD-8DE9-A753F9AA16E4}.Release|x86.Build.0 = Release|Win32
		{AE9F319D-3B1B-4F8B-8E70-93D30AB1D0D2}.Debug|ARM.ActiveCfg = Debug|ARM
		{AE9F319D-3B1B-4F8B-8E70-93D30AB1D0D2}.Debug|ARM.Build.0 = Debug|ARM
		{AE9F319D-3B1B-4F8B-8E70-93D30AB1D0D2}.Debug|ARM.Deploy.0 = Debug|ARM
		{AE9F319D-3B1B-4F8B-8E70-93D30AB1D0D2}.Debug|ARM64.ActiveCfg = Debug|ARM64
		{AE9F319D-3B1B-4F8B-8E70-93D30AB1D0D2}.Debug|ARM64.Build.0 = Debug|ARM64
		{AE9F319D-3B1B-4F8B-8E70-93D30AB1D0D2}.Debug|ARM64.Deploy.0 = Debug|ARM64
		{AE9F319D-3B1B-4F8B-8E70-93D30AB1D0D2}.Debug|x64.ActiveCfg = Debug|x64
		{AE9F319D-3B1B-4F8B-8E70-93D30AB1D0D2}.Debug|x64.Build.0 = Debug|x64
		{AE9F319D-3B1B-4F8B-8E70-93D30AB1D0D2}.Debug|x64.Deploy.0 = Debug|x64
		{AE9F319D-3B1B-4F8B-8E70-93D30AB1D0D2}.Debug|x86.ActiveCfg = Debug|Win32
		{AE9F319D-3B1B-4F8B-8E70-93D30AB1D0D2}.Debug|x86.Build.0 = Debug|Win32
		{AE9F319D-3B1B-4F8B-8E70-93D30AB1D0D2}.Debug|x86.Deploy.0 = Debug|Win32
		{AE9F319D-3B1B-4F8B-8E70-93D30AB1D0D2}.Release|ARM.ActiveCfg = Release|ARM
		{AE9F319D-3B1B-4F8B-8E70-93D30AB1D0D2}.Release|ARM.Build.0 = Release|ARM
		{AE9F319D-3B1B-4F8B-8E70-93D30AB1D0D2}.Release|ARM.Deploy.0 = Release|ARM
		{AE9F319D-3B1B-4F8B-8E70-93D30AB1D0D2}.Release|ARM64.ActiveCfg = Release|ARM64
		{AE9F319D-3B1B-4F8B-8E70-93D30AB1D0D2}.Release|ARM64.Build.0 = Release|ARM64
		{AE9F319D-3B1B-4F8B-8E70-93D30AB1D0D2}.Release|ARM64.Deploy.0 = Release|ARM64
		{AE9F319D-3B1B-4F8B-8E70-93D30AB1D0D2}.Release|x64.ActiveCfg = Release|x64
		{AE9F319D-3B1B-4F8B-8E70-93D30AB1D0D2}.Release|x64.Build.0 = Release|x64
		{AE9F319D-3B1B-4F8B-8E70-93D30AB1D0D2}.Release|x64.Deploy.0 = Release|x64
		{AE9F319D-3B1B-4F8B-8E70-93D30AB1D0D2}.Release|x86.ActiveCfg = Release|Win32
		{AE9F319D-3B1B-4F8B-8E70-93D30AB1D0D2}.Release|x86.Build.0 = Release|Win32
		{AE9F319D-3B1B-4F8B-8E70-93D30AB1D0D2}.Release|x86.Deploy.0 = Release|Win32
	EndGlobalSection
	GlobalSection(SolutionProperties) = preSolution
		HideSolutionNode = FALSE
	EndGlobalSection
	GlobalSection(ExtensibilityGlobals) = postSolution
		SolutionGuid = {F0781CA6-502A-4EC1-801E-B8754839223F}
	EndGlobalSection
EndGlobal
